// !$*UTF8*$!
{
	archiveVersion = 1;
	classes = {
	};
	objectVersion = 55;
	objects = {

/* Begin PBXBuildFile section */
		146BE8372A258B5600CEAFEE /* Lets_DrinkApp.swift in Sources */ = {isa = PBXBuildFile; fileRef = 146BE8362A258B5600CEAFEE /* Lets_DrinkApp.swift */; };
		146BE8392A258B5600CEAFEE /* HomeView.swift in Sources */ = {isa = PBXBuildFile; fileRef = 146BE8382A258B5600CEAFEE /* HomeView.swift */; };
		146BE83B2A258B5700CEAFEE /* Assets.xcassets in Resources */ = {isa = PBXBuildFile; fileRef = 146BE83A2A258B5700CEAFEE /* Assets.xcassets */; };
		146BE83E2A258B5700CEAFEE /* Preview Assets.xcassets in Resources */ = {isa = PBXBuildFile; fileRef = 146BE83D2A258B5700CEAFEE /* Preview Assets.xcassets */; };
		146BE8482A258B5700CEAFEE /* Lets_DrinkTests.swift in Sources */ = {isa = PBXBuildFile; fileRef = 146BE8472A258B5700CEAFEE /* Lets_DrinkTests.swift */; };
		146BE8522A258B5700CEAFEE /* Lets_DrinkUITests.swift in Sources */ = {isa = PBXBuildFile; fileRef = 146BE8512A258B5700CEAFEE /* Lets_DrinkUITests.swift */; };
		146BE8542A258B5700CEAFEE /* Lets_DrinkUITestsLaunchTests.swift in Sources */ = {isa = PBXBuildFile; fileRef = 146BE8532A258B5700CEAFEE /* Lets_DrinkUITestsLaunchTests.swift */; };
		146BE8632A258C4200CEAFEE /* DrinkItemUiView.swift in Sources */ = {isa = PBXBuildFile; fileRef = 146BE8622A258C4200CEAFEE /* DrinkItemUiView.swift */; };
		146BE8652A258D5600CEAFEE /* ImageUiView.swift in Sources */ = {isa = PBXBuildFile; fileRef = 146BE8642A258D5600CEAFEE /* ImageUiView.swift */; };
		146BE8672A25910D00CEAFEE /* BottomNavigationUIView.swift in Sources */ = {isa = PBXBuildFile; fileRef = 146BE8662A25910D00CEAFEE /* BottomNavigationUIView.swift */; };
		146BE86A2A2594D400CEAFEE /* DrinksUiView.swift in Sources */ = {isa = PBXBuildFile; fileRef = 146BE8692A2594D400CEAFEE /* DrinksUiView.swift */; };
		146BE86C2A25987000CEAFEE /* HeartButtonUIView.swift in Sources */ = {isa = PBXBuildFile; fileRef = 146BE86B2A25987000CEAFEE /* HeartButtonUIView.swift */; };
		146BE86E2A259BA700CEAFEE /* FavoriteUiView.swift in Sources */ = {isa = PBXBuildFile; fileRef = 146BE86D2A259BA700CEAFEE /* FavoriteUiView.swift */; };
/* End PBXBuildFile section */

/* Begin PBXContainerItemProxy section */
		146BE8442A258B5700CEAFEE /* PBXContainerItemProxy */ = {
			isa = PBXContainerItemProxy;
			containerPortal = 146BE82B2A258B5600CEAFEE /* Project object */;
			proxyType = 1;
			remoteGlobalIDString = 146BE8322A258B5600CEAFEE;
			remoteInfo = "Lets Drink";
		};
		146BE84E2A258B5700CEAFEE /* PBXContainerItemProxy */ = {
			isa = PBXContainerItemProxy;
			containerPortal = 146BE82B2A258B5600CEAFEE /* Project object */;
			proxyType = 1;
			remoteGlobalIDString = 146BE8322A258B5600CEAFEE;
			remoteInfo = "Lets Drink";
		};
/* End PBXContainerItemProxy section */

/* Begin PBXFileReference section */
		146BE8332A258B5600CEAFEE /* Lets Drink.app */ = {isa = PBXFileReference; explicitFileType = wrapper.application; includeInIndex = 0; path = "Lets Drink.app"; sourceTree = BUILT_PRODUCTS_DIR; };
		146BE8362A258B5600CEAFEE /* Lets_DrinkApp.swift */ = {isa = PBXFileReference; lastKnownFileType = sourcecode.swift; path = Lets_DrinkApp.swift; sourceTree = "<group>"; };
		146BE8382A258B5600CEAFEE /* HomeView.swift */ = {isa = PBXFileReference; lastKnownFileType = sourcecode.swift; path = HomeView.swift; sourceTree = "<group>"; };
		146BE83A2A258B5700CEAFEE /* Assets.xcassets */ = {isa = PBXFileReference; lastKnownFileType = folder.assetcatalog; path = Assets.xcassets; sourceTree = "<group>"; };
		146BE83D2A258B5700CEAFEE /* Preview Assets.xcassets */ = {isa = PBXFileReference; lastKnownFileType = folder.assetcatalog; path = "Preview Assets.xcassets"; sourceTree = "<group>"; };
		146BE8432A258B5700CEAFEE /* Lets DrinkTests.xctest */ = {isa = PBXFileReference; explicitFileType = wrapper.cfbundle; includeInIndex = 0; path = "Lets DrinkTests.xctest"; sourceTree = BUILT_PRODUCTS_DIR; };
		146BE8472A258B5700CEAFEE /* Lets_DrinkTests.swift */ = {isa = PBXFileReference; lastKnownFileType = sourcecode.swift; path = Lets_DrinkTests.swift; sourceTree = "<group>"; };
		146BE84D2A258B5700CEAFEE /* Lets DrinkUITests.xctest */ = {isa = PBXFileReference; explicitFileType = wrapper.cfbundle; includeInIndex = 0; path = "Lets DrinkUITests.xctest"; sourceTree = BUILT_PRODUCTS_DIR; };
		146BE8512A258B5700CEAFEE /* Lets_DrinkUITests.swift */ = {isa = PBXFileReference; lastKnownFileType = sourcecode.swift; path = Lets_DrinkUITests.swift; sourceTree = "<group>"; };
		146BE8532A258B5700CEAFEE /* Lets_DrinkUITestsLaunchTests.swift */ = {isa = PBXFileReference; lastKnownFileType = sourcecode.swift; path = Lets_DrinkUITestsLaunchTests.swift; sourceTree = "<group>"; };
		146BE8622A258C4200CEAFEE /* DrinkItemUiView.swift */ = {isa = PBXFileReference; lastKnownFileType = sourcecode.swift; path = DrinkItemUiView.swift; sourceTree = "<group>"; };
		146BE8642A258D5600CEAFEE /* ImageUiView.swift */ = {isa = PBXFileReference; lastKnownFileType = sourcecode.swift; path = ImageUiView.swift; sourceTree = "<group>"; };
		146BE8662A25910D00CEAFEE /* BottomNavigationUIView.swift */ = {isa = PBXFileReference; lastKnownFileType = sourcecode.swift; path = BottomNavigationUIView.swift; sourceTree = "<group>"; };
		146BE8692A2594D400CEAFEE /* DrinksUiView.swift */ = {isa = PBXFileReference; lastKnownFileType = sourcecode.swift; path = DrinksUiView.swift; sourceTree = "<group>"; };
		146BE86B2A25987000CEAFEE /* HeartButtonUIView.swift */ = {isa = PBXFileReference; lastKnownFileType = sourcecode.swift; path = HeartButtonUIView.swift; sourceTree = "<group>"; };
		146BE86D2A259BA700CEAFEE /* FavoriteUiView.swift */ = {isa = PBXFileReference; lastKnownFileType = sourcecode.swift; path = FavoriteUiView.swift; sourceTree = "<group>"; };
/* End PBXFileReference section */

/* Begin PBXFrameworksBuildPhase section */
		146BE8302A258B5600CEAFEE /* Frameworks */ = {
			isa = PBXFrameworksBuildPhase;
			buildActionMask = 2147483647;
			files = (
			);
			runOnlyForDeploymentPostprocessing = 0;
		};
		146BE8402A258B5700CEAFEE /* Frameworks */ = {
			isa = PBXFrameworksBuildPhase;
			buildActionMask = 2147483647;
			files = (
			);
			runOnlyForDeploymentPostprocessing = 0;
		};
		146BE84A2A258B5700CEAFEE /* Frameworks */ = {
			isa = PBXFrameworksBuildPhase;
			buildActionMask = 2147483647;
			files = (
			);
			runOnlyForDeploymentPostprocessing = 0;
		};
/* End PBXFrameworksBuildPhase section */

/* Begin PBXGroup section */
		146BE82A2A258B5600CEAFEE = {
			isa = PBXGroup;
			children = (
				146BE8352A258B5600CEAFEE /* Lets Drink */,
				146BE8462A258B5700CEAFEE /* Lets DrinkTests */,
				146BE8502A258B5700CEAFEE /* Lets DrinkUITests */,
				146BE8342A258B5600CEAFEE /* Products */,
			);
			sourceTree = "<group>";
		};
		146BE8342A258B5600CEAFEE /* Products */ = {
			isa = PBXGroup;
			children = (
				146BE8332A258B5600CEAFEE /* Lets Drink.app */,
				146BE8432A258B5700CEAFEE /* Lets DrinkTests.xctest */,
				146BE84D2A258B5700CEAFEE /* Lets DrinkUITests.xctest */,
			);
			name = Products;
			sourceTree = "<group>";
		};
		146BE8352A258B5600CEAFEE /* Lets Drink */ = {
			isa = PBXGroup;
			children = (
				146BE8602A258C0500CEAFEE /* presentation */,
				146BE8362A258B5600CEAFEE /* Lets_DrinkApp.swift */,
				146BE8382A258B5600CEAFEE /* HomeView.swift */,
				146BE83A2A258B5700CEAFEE /* Assets.xcassets */,
				146BE83C2A258B5700CEAFEE /* Preview Content */,
			);
			path = "Lets Drink";
			sourceTree = "<group>";
		};
		146BE83C2A258B5700CEAFEE /* Preview Content */ = {
			isa = PBXGroup;
			children = (
				146BE83D2A258B5700CEAFEE /* Preview Assets.xcassets */,
			);
			path = "Preview Content";
			sourceTree = "<group>";
		};
		146BE8462A258B5700CEAFEE /* Lets DrinkTests */ = {
			isa = PBXGroup;
			children = (
				146BE8472A258B5700CEAFEE /* Lets_DrinkTests.swift */,
			);
			path = "Lets DrinkTests";
			sourceTree = "<group>";
		};
		146BE8502A258B5700CEAFEE /* Lets DrinkUITests */ = {
			isa = PBXGroup;
			children = (
				146BE8512A258B5700CEAFEE /* Lets_DrinkUITests.swift */,
				146BE8532A258B5700CEAFEE /* Lets_DrinkUITestsLaunchTests.swift */,
			);
			path = "Lets DrinkUITests";
			sourceTree = "<group>";
		};
		146BE8602A258C0500CEAFEE /* presentation */ = {
			isa = PBXGroup;
			children = (
				146BE8682A2593CE00CEAFEE /* screen */,
				146BE8612A258C0D00CEAFEE /* components */,
			);
			path = presentation;
			sourceTree = "<group>";
		};
		146BE8612A258C0D00CEAFEE /* components */ = {
			isa = PBXGroup;
			children = (
				146BE8622A258C4200CEAFEE /* DrinkItemUiView.swift */,
				146BE8642A258D5600CEAFEE /* ImageUiView.swift */,
				146BE8662A25910D00CEAFEE /* BottomNavigationUIView.swift */,
				146BE86B2A25987000CEAFEE /* HeartButtonUIView.swift */,
			);
			path = components;
			sourceTree = "<group>";
		};
		146BE8682A2593CE00CEAFEE /* screen */ = {
			isa = PBXGroup;
			children = (
				146BE8692A2594D400CEAFEE /* DrinksUiView.swift */,
				146BE86D2A259BA700CEAFEE /* FavoriteUiView.swift */,
			);
			path = screen;
			sourceTree = "<group>";
		};
/* End PBXGroup section */

/* Begin PBXNativeTarget section */
		146BE8322A258B5600CEAFEE /* Lets Drink */ = {
			isa = PBXNativeTarget;
			buildConfigurationList = 146BE8572A258B5700CEAFEE /* Build configuration list for PBXNativeTarget "Lets Drink" */;
			buildPhases = (
				146BE82F2A258B5600CEAFEE /* Sources */,
				146BE8302A258B5600CEAFEE /* Frameworks */,
				146BE8312A258B5600CEAFEE /* Resources */,
			);
			buildRules = (
			);
			dependencies = (
			);
			name = "Lets Drink";
			productName = "Lets Drink";
			productReference = 146BE8332A258B5600CEAFEE /* Lets Drink.app */;
			productType = "com.apple.product-type.application";
		};
		146BE8422A258B5700CEAFEE /* Lets DrinkTests */ = {
			isa = PBXNativeTarget;
			buildConfigurationList = 146BE85A2A258B5700CEAFEE /* Build configuration list for PBXNativeTarget "Lets DrinkTests" */;
			buildPhases = (
				146BE83F2A258B5700CEAFEE /* Sources */,
				146BE8402A258B5700CEAFEE /* Frameworks */,
				146BE8412A258B5700CEAFEE /* Resources */,
			);
			buildRules = (
			);
			dependencies = (
				146BE8452A258B5700CEAFEE /* PBXTargetDependency */,
			);
			name = "Lets DrinkTests";
			productName = "Lets DrinkTests";
			productReference = 146BE8432A258B5700CEAFEE /* Lets DrinkTests.xctest */;
			productType = "com.apple.product-type.bundle.unit-test";
		};
		146BE84C2A258B5700CEAFEE /* Lets DrinkUITests */ = {
			isa = PBXNativeTarget;
			buildConfigurationList = 146BE85D2A258B5700CEAFEE /* Build configuration list for PBXNativeTarget "Lets DrinkUITests" */;
			buildPhases = (
				146BE8492A258B5700CEAFEE /* Sources */,
				146BE84A2A258B5700CEAFEE /* Frameworks */,
				146BE84B2A258B5700CEAFEE /* Resources */,
			);
			buildRules = (
			);
			dependencies = (
				146BE84F2A258B5700CEAFEE /* PBXTargetDependency */,
			);
			name = "Lets DrinkUITests";
			productName = "Lets DrinkUITests";
			productReference = 146BE84D2A258B5700CEAFEE /* Lets DrinkUITests.xctest */;
			productType = "com.apple.product-type.bundle.ui-testing";
		};
/* End PBXNativeTarget section */

/* Begin PBXProject section */
		146BE82B2A258B5600CEAFEE /* Project object */ = {
			isa = PBXProject;
			attributes = {
				BuildIndependentTargetsInParallel = 1;
				LastSwiftUpdateCheck = 1310;
				LastUpgradeCheck = 1310;
				TargetAttributes = {
					146BE8322A258B5600CEAFEE = {
						CreatedOnToolsVersion = 13.1;
					};
					146BE8422A258B5700CEAFEE = {
						CreatedOnToolsVersion = 13.1;
						TestTargetID = 146BE8322A258B5600CEAFEE;
					};
					146BE84C2A258B5700CEAFEE = {
						CreatedOnToolsVersion = 13.1;
						TestTargetID = 146BE8322A258B5600CEAFEE;
					};
				};
			};
			buildConfigurationList = 146BE82E2A258B5600CEAFEE /* Build configuration list for PBXProject "Lets Drink" */;
			compatibilityVersion = "Xcode 13.0";
			developmentRegion = en;
			hasScannedForEncodings = 0;
			knownRegions = (
				en,
				Base,
			);
			mainGroup = 146BE82A2A258B5600CEAFEE;
			productRefGroup = 146BE8342A258B5600CEAFEE /* Products */;
			projectDirPath = "";
			projectRoot = "";
			targets = (
				146BE8322A258B5600CEAFEE /* Lets Drink */,
				146BE8422A258B5700CEAFEE /* Lets DrinkTests */,
				146BE84C2A258B5700CEAFEE /* Lets DrinkUITests */,
			);
		};
/* End PBXProject section */

/* Begin PBXResourcesBuildPhase section */
		146BE8312A258B5600CEAFEE /* Resources */ = {
			isa = PBXResourcesBuildPhase;
			buildActionMask = 2147483647;
			files = (
				146BE83E2A258B5700CEAFEE /* Preview Assets.xcassets in Resources */,
				146BE83B2A258B5700CEAFEE /* Assets.xcassets in Resources */,
			);
			runOnlyForDeploymentPostprocessing = 0;
		};
		146BE8412A258B5700CEAFEE /* Resources */ = {
			isa = PBXResourcesBuildPhase;
			buildActionMask = 2147483647;
			files = (
			);
			runOnlyForDeploymentPostprocessing = 0;
		};
		146BE84B2A258B5700CEAFEE /* Resources */ = {
			isa = PBXResourcesBuildPhase;
			buildActionMask = 2147483647;
			files = (
			);
			runOnlyForDeploymentPostprocessing = 0;
		};
/* End PBXResourcesBuildPhase section */

/* Begin PBXSourcesBuildPhase section */
		146BE82F2A258B5600CEAFEE /* Sources */ = {
			isa = PBXSourcesBuildPhase;
			buildActionMask = 2147483647;
			files = (
				146BE86E2A259BA700CEAFEE /* FavoriteUiView.swift in Sources */,
				146BE86C2A25987000CEAFEE /* HeartButtonUIView.swift in Sources */,
				146BE8652A258D5600CEAFEE /* ImageUiView.swift in Sources */,
				146BE8672A25910D00CEAFEE /* BottomNavigationUIView.swift in Sources */,
				146BE8392A258B5600CEAFEE /* HomeView.swift in Sources */,
				146BE8372A258B5600CEAFEE /* Lets_DrinkApp.swift in Sources */,
				146BE8632A258C4200CEAFEE /* DrinkItemUiView.swift in Sources */,
				146BE86A2A2594D400CEAFEE /* DrinksUiView.swift in Sources */,
			);
			runOnlyForDeploymentPostprocessing = 0;
		};
		146BE83F2A258B5700CEAFEE /* Sources */ = {
			isa = PBXSourcesBuildPhase;
			buildActionMask = 2147483647;
			files = (
				146BE8482A258B5700CEAFEE /* Lets_DrinkTests.swift in Sources */,
			);
			runOnlyForDeploymentPostprocessing = 0;
		};
		146BE8492A258B5700CEAFEE /* Sources */ = {
			isa = PBXSourcesBuildPhase;
			buildActionMask = 2147483647;
			files = (
				146BE8522A258B5700CEAFEE /* Lets_DrinkUITests.swift in Sources */,
				146BE8542A258B5700CEAFEE /* Lets_DrinkUITestsLaunchTests.swift in Sources */,
			);
			runOnlyForDeploymentPostprocessing = 0;
		};
/* End PBXSourcesBuildPhase section */

/* Begin PBXTargetDependency section */
		146BE8452A258B5700CEAFEE /* PBXTargetDependency */ = {
			isa = PBXTargetDependency;
			target = 146BE8322A258B5600CEAFEE /* Lets Drink */;
			targetProxy = 146BE8442A258B5700CEAFEE /* PBXContainerItemProxy */;
		};
		146BE84F2A258B5700CEAFEE /* PBXTargetDependency */ = {
			isa = PBXTargetDependency;
			target = 146BE8322A258B5600CEAFEE /* Lets Drink */;
			targetProxy = 146BE84E2A258B5700CEAFEE /* PBXContainerItemProxy */;
		};
/* End PBXTargetDependency section */

/* Begin XCBuildConfiguration section */
		146BE8552A258B5700CEAFEE /* Debug */ = {
			isa = XCBuildConfiguration;
			buildSettings = {
				ALWAYS_SEARCH_USER_PATHS = NO;
				CLANG_ANALYZER_NONNULL = YES;
				CLANG_ANALYZER_NUMBER_OBJECT_CONVERSION = YES_AGGRESSIVE;
				CLANG_CXX_LANGUAGE_STANDARD = "gnu++17";
				CLANG_CXX_LIBRARY = "libc++";
				CLANG_ENABLE_MODULES = YES;
				CLANG_ENABLE_OBJC_ARC = YES;
				CLANG_ENABLE_OBJC_WEAK = YES;
				CLANG_WARN_BLOCK_CAPTURE_AUTORELEASING = YES;
				CLANG_WARN_BOOL_CONVERSION = YES;
				CLANG_WARN_COMMA = YES;
				CLANG_WARN_CONSTANT_CONVERSION = YES;
				CLANG_WARN_DEPRECATED_OBJC_IMPLEMENTATIONS = YES;
				CLANG_WARN_DIRECT_OBJC_ISA_USAGE = YES_ERROR;
				CLANG_WARN_DOCUMENTATION_COMMENTS = YES;
				CLANG_WARN_EMPTY_BODY = YES;
				CLANG_WARN_ENUM_CONVERSION = YES;
				CLANG_WARN_INFINITE_RECURSION = YES;
				CLANG_WARN_INT_CONVERSION = YES;
				CLANG_WARN_NON_LITERAL_NULL_CONVERSION = YES;
				CLANG_WARN_OBJC_IMPLICIT_RETAIN_SELF = YES;
				CLANG_WARN_OBJC_LITERAL_CONVERSION = YES;
				CLANG_WARN_OBJC_ROOT_CLASS = YES_ERROR;
				CLANG_WARN_QUOTED_INCLUDE_IN_FRAMEWORK_HEADER = YES;
				CLANG_WARN_RANGE_LOOP_ANALYSIS = YES;
				CLANG_WARN_STRICT_PROTOTYPES = YES;
				CLANG_WARN_SUSPICIOUS_MOVE = YES;
				CLANG_WARN_UNGUARDED_AVAILABILITY = YES_AGGRESSIVE;
				CLANG_WARN_UNREACHABLE_CODE = YES;
				CLANG_WARN__DUPLICATE_METHOD_MATCH = YES;
				COPY_PHASE_STRIP = NO;
				DEBUG_INFORMATION_FORMAT = dwarf;
				ENABLE_STRICT_OBJC_MSGSEND = YES;
				ENABLE_TESTABILITY = YES;
				GCC_C_LANGUAGE_STANDARD = gnu11;
				GCC_DYNAMIC_NO_PIC = NO;
				GCC_NO_COMMON_BLOCKS = YES;
				GCC_OPTIMIZATION_LEVEL = 0;
				GCC_PREPROCESSOR_DEFINITIONS = (
					"DEBUG=1",
					"$(inherited)",
				);
				GCC_WARN_64_TO_32_BIT_CONVERSION = YES;
				GCC_WARN_ABOUT_RETURN_TYPE = YES_ERROR;
				GCC_WARN_UNDECLARED_SELECTOR = YES;
				GCC_WARN_UNINITIALIZED_AUTOS = YES_AGGRESSIVE;
				GCC_WARN_UNUSED_FUNCTION = YES;
				GCC_WARN_UNUSED_VARIABLE = YES;
				IPHONEOS_DEPLOYMENT_TARGET = 15.0;
				MTL_ENABLE_DEBUG_INFO = INCLUDE_SOURCE;
				MTL_FAST_MATH = YES;
				ONLY_ACTIVE_ARCH = YES;
				SDKROOT = iphoneos;
				SWIFT_ACTIVE_COMPILATION_CONDITIONS = DEBUG;
				SWIFT_OPTIMIZATION_LEVEL = "-Onone";
			};
			name = Debug;
		};
		146BE8562A258B5700CEAFEE /* Release */ = {
			isa = XCBuildConfiguration;
			buildSettings = {
				ALWAYS_SEARCH_USER_PATHS = NO;
				CLANG_ANALYZER_NONNULL = YES;
				CLANG_ANALYZER_NUMBER_OBJECT_CONVERSION = YES_AGGRESSIVE;
				CLANG_CXX_LANGUAGE_STANDARD = "gnu++17";
				CLANG_CXX_LIBRARY = "libc++";
				CLANG_ENABLE_MODULES = YES;
				CLANG_ENABLE_OBJC_ARC = YES;
				CLANG_ENABLE_OBJC_WEAK = YES;
				CLANG_WARN_BLOCK_CAPTURE_AUTORELEASING = YES;
				CLANG_WARN_BOOL_CONVERSION = YES;
				CLANG_WARN_COMMA = YES;
				CLANG_WARN_CONSTANT_CONVERSION = YES;
				CLANG_WARN_DEPRECATED_OBJC_IMPLEMENTATIONS = YES;
				CLANG_WARN_DIRECT_OBJC_ISA_USAGE = YES_ERROR;
				CLANG_WARN_DOCUMENTATION_COMMENTS = YES;
				CLANG_WARN_EMPTY_BODY = YES;
				CLANG_WARN_ENUM_CONVERSION = YES;
				CLANG_WARN_INFINITE_RECURSION = YES;
				CLANG_WARN_INT_CONVERSION = YES;
				CLANG_WARN_NON_LITERAL_NULL_CONVERSION = YES;
				CLANG_WARN_OBJC_IMPLICIT_RETAIN_SELF = YES;
				CLANG_WARN_OBJC_LITERAL_CONVERSION = YES;
				CLANG_WARN_OBJC_ROOT_CLASS = YES_ERROR;
				CLANG_WARN_QUOTED_INCLUDE_IN_FRAMEWORK_HEADER = YES;
				CLANG_WARN_RANGE_LOOP_ANALYSIS = YES;
				CLANG_WARN_STRICT_PROTOTYPES = YES;
				CLANG_WARN_SUSPICIOUS_MOVE = YES;
				CLANG_WARN_UNGUARDED_AVAILABILITY = YES_AGGRESSIVE;
				CLANG_WARN_UNREACHABLE_CODE = YES;
				CLANG_WARN__DUPLICATE_METHOD_MATCH = YES;
				COPY_PHASE_STRIP = NO;
				DEBUG_INFORMATION_FORMAT = "dwarf-with-dsym";
				ENABLE_NS_ASSERTIONS = NO;
				ENABLE_STRICT_OBJC_MSGSEND = YES;
				GCC_C_LANGUAGE_STANDARD = gnu11;
				GCC_NO_COMMON_BLOCKS = YES;
				GCC_WARN_64_TO_32_BIT_CONVERSION = YES;
				GCC_WARN_ABOUT_RETURN_TYPE = YES_ERROR;
				GCC_WARN_UNDECLARED_SELECTOR = YES;
				GCC_WARN_UNINITIALIZED_AUTOS = YES_AGGRESSIVE;
				GCC_WARN_UNUSED_FUNCTION = YES;
				GCC_WARN_UNUSED_VARIABLE = YES;
				IPHONEOS_DEPLOYMENT_TARGET = 15.0;
				MTL_ENABLE_DEBUG_INFO = NO;
				MTL_FAST_MATH = YES;
				SDKROOT = iphoneos;
				SWIFT_COMPILATION_MODE = wholemodule;
				SWIFT_OPTIMIZATION_LEVEL = "-O";
				VALIDATE_PRODUCT = YES;
			};
			name = Release;
		};
		146BE8582A258B5700CEAFEE /* Debug */ = {
			isa = XCBuildConfiguration;
			buildSettings = {
				ASSETCATALOG_COMPILER_APPICON_NAME = AppIcon;
				ASSETCATALOG_COMPILER_GLOBAL_ACCENT_COLOR_NAME = AccentColor;
				CODE_SIGN_STYLE = Automatic;
				CURRENT_PROJECT_VERSION = 1;
				DEVELOPMENT_ASSET_PATHS = "\"Lets Drink/Preview Content\"";
				DEVELOPMENT_TEAM = 35SG4KBDUA;
				ENABLE_PREVIEWS = YES;
				GENERATE_INFOPLIST_FILE = YES;
				INFOPLIST_KEY_UIApplicationSceneManifest_Generation = YES;
				INFOPLIST_KEY_UIApplicationSupportsIndirectInputEvents = YES;
				INFOPLIST_KEY_UILaunchScreen_Generation = YES;
				INFOPLIST_KEY_UISupportedInterfaceOrientations_iPad = "UIInterfaceOrientationPortrait UIInterfaceOrientationPortraitUpsideDown UIInterfaceOrientationLandscapeLeft UIInterfaceOrientationLandscapeRight";
				INFOPLIST_KEY_UISupportedInterfaceOrientations_iPhone = "UIInterfaceOrientationPortrait UIInterfaceOrientationLandscapeLeft UIInterfaceOrientationLandscapeRight";
				LD_RUNPATH_SEARCH_PATHS = (
					"$(inherited)",
					"@executable_path/Frameworks",
				);
				MARKETING_VERSION = 1.0;
				PRODUCT_BUNDLE_IDENTIFIER = "com.rightside.Lets-Drink";
				PRODUCT_NAME = "$(TARGET_NAME)";
				SWIFT_EMIT_LOC_STRINGS = YES;
				SWIFT_VERSION = 5.0;
				TARGETED_DEVICE_FAMILY = "1,2";
			};
			name = Debug;
		};
		146BE8592A258B5700CEAFEE /* Release */ = {
			isa = XCBuildConfiguration;
			buildSettings = {
				ASSETCATALOG_COMPILER_APPICON_NAME = AppIcon;
				ASSETCATALOG_COMPILER_GLOBAL_ACCENT_COLOR_NAME = AccentColor;
				CODE_SIGN_STYLE = Automatic;
				CURRENT_PROJECT_VERSION = 1;
				DEVELOPMENT_ASSET_PATHS = "\"Lets Drink/Preview Content\"";
				DEVELOPMENT_TEAM = 35SG4KBDUA;
				ENABLE_PREVIEWS = YES;
				GENERATE_INFOPLIST_FILE = YES;
				INFOPLIST_KEY_UIApplicationSceneManifest_Generation = YES;
				INFOPLIST_KEY_UIApplicationSupportsIndirectInputEvents = YES;
				INFOPLIST_KEY_UILaunchScreen_Generation = YES;
				INFOPLIST_KEY_UISupportedInterfaceOrientations_iPad = "UIInterfaceOrientationPortrait UIInterfaceOrientationPortraitUpsideDown UIInterfaceOrientationLandscapeLeft UIInterfaceOrientationLandscapeRight";
				INFOPLIST_KEY_UISupportedInterfaceOrientations_iPhone = "UIInterfaceOrientationPortrait UIInterfaceOrientationLandscapeLeft UIInterfaceOrientationLandscapeRight";
				LD_RUNPATH_SEARCH_PATHS = (
					"$(inherited)",
					"@executable_path/Frameworks",
				);
				MARKETING_VERSION = 1.0;
				PRODUCT_BUNDLE_IDENTIFIER = "com.rightside.Lets-Drink";
				PRODUCT_NAME = "$(TARGET_NAME)";
				SWIFT_EMIT_LOC_STRINGS = YES;
				SWIFT_VERSION = 5.0;
				TARGETED_DEVICE_FAMILY = "1,2";
			};
			name = Release;
		};
		146BE85B2A258B5700CEAFEE /* Debug */ = {
			isa = XCBuildConfiguration;
			buildSettings = {
				ALWAYS_EMBED_SWIFT_STANDARD_LIBRARIES = YES;
				BUNDLE_LOADER = "$(TEST_HOST)";
				CODE_SIGN_STYLE = Automatic;
				CURRENT_PROJECT_VERSION = 1;
				DEVELOPMENT_TEAM = 35SG4KBDUA;
				GENERATE_INFOPLIST_FILE = YES;
				IPHONEOS_DEPLOYMENT_TARGET = 15.0;
				LD_RUNPATH_SEARCH_PATHS = (
					"$(inherited)",
					"@executable_path/Frameworks",
					"@loader_path/Frameworks",
				);
				MARKETING_VERSION = 1.0;
				PRODUCT_BUNDLE_IDENTIFIER = "com.rightside.Lets-DrinkTests";
				PRODUCT_NAME = "$(TARGET_NAME)";
				SWIFT_EMIT_LOC_STRINGS = NO;
				SWIFT_VERSION = 5.0;
				TARGETED_DEVICE_FAMILY = "1,2";
				TEST_HOST = "$(BUILT_PRODUCTS_DIR)/Lets Drink.app/Lets Drink";
			};
			name = Debug;
		};
		146BE85C2A258B5700CEAFEE /* Release */ = {
			isa = XCBuildConfiguration;
			buildSettings = {
				ALWAYS_EMBED_SWIFT_STANDARD_LIBRARIES = YES;
				BUNDLE_LOADER = "$(TEST_HOST)";
				CODE_SIGN_STYLE = Automatic;
				CURRENT_PROJECT_VERSION = 1;
				DEVELOPMENT_TEAM = 35SG4KBDUA;
				GENERATE_INFOPLIST_FILE = YES;
				IPHONEOS_DEPLOYMENT_TARGET = 15.0;
				LD_RUNPATH_SEARCH_PATHS = (
					"$(inherited)",
					"@executable_path/Frameworks",
					"@loader_path/Frameworks",
				);
				MARKETING_VERSION = 1.0;
				PRODUCT_BUNDLE_IDENTIFIER = "com.rightside.Lets-DrinkTests";
				PRODUCT_NAME = "$(TARGET_NAME)";
				SWIFT_EMIT_LOC_STRINGS = NO;
				SWIFT_VERSION = 5.0;
				TARGETED_DEVICE_FAMILY = "1,2";
				TEST_HOST = "$(BUILT_PRODUCTS_DIR)/Lets Drink.app/Lets Drink";
			};
			name = Release;
		};
		146BE85E2A258B5700CEAFEE /* Debug */ = {
			isa = XCBuildConfiguration;
			buildSettings = {
				ALWAYS_EMBED_SWIFT_STANDARD_LIBRARIES = YES;
				CODE_SIGN_STYLE = Automatic;
				CURRENT_PROJECT_VERSION = 1;
				DEVELOPMENT_TEAM = 35SG4KBDUA;
				GENERATE_INFOPLIST_FILE = YES;
				LD_RUNPATH_SEARCH_PATHS = (
					"$(inherited)",
					"@executable_path/Frameworks",
					"@loader_path/Frameworks",
				);
				MARKETING_VERSION = 1.0;
				PRODUCT_BUNDLE_IDENTIFIER = "com.rightside.Lets-DrinkUITests";
				PRODUCT_NAME = "$(TARGET_NAME)";
				SWIFT_EMIT_LOC_STRINGS = NO;
				SWIFT_VERSION = 5.0;
				TARGETED_DEVICE_FAMILY = "1,2";
				TEST_TARGET_NAME = "Lets Drink";
			};
			name = Debug;
		};
		146BE85F2A258B5700CEAFEE /* Release */ = {
			isa = XCBuildConfiguration;
			buildSettings = {
				ALWAYS_EMBED_SWIFT_STANDARD_LIBRARIES = YES;
				CODE_SIGN_STYLE = Automatic;
				CURRENT_PROJECT_VERSION = 1;
				DEVELOPMENT_TEAM = 35SG4KBDUA;
				GENERATE_INFOPLIST_FILE = YES;
				LD_RUNPATH_SEARCH_PATHS = (
					"$(inherited)",
					"@executable_path/Frameworks",
					"@loader_path/Frameworks",
				);
				MARKETING_VERSION = 1.0;
				PRODUCT_BUNDLE_IDENTIFIER = "com.rightside.Lets-DrinkUITests";
				PRODUCT_NAME = "$(TARGET_NAME)";
				SWIFT_EMIT_LOC_STRINGS = NO;
				SWIFT_VERSION = 5.0;
				TARGETED_DEVICE_FAMILY = "1,2";
				TEST_TARGET_NAME = "Lets Drink";
			};
			name = Release;
		};
/* End XCBuildConfiguration section */

/* Begin XCConfigurationList section */
		146BE82E2A258B5600CEAFEE /* Build configuration list for PBXProject "Lets Drink" */ = {
			isa = XCConfigurationList;
			buildConfigurations = (
				146BE8552A258B5700CEAFEE /* Debug */,
				146BE8562A258B5700CEAFEE /* Release */,
			);
			defaultConfigurationIsVisible = 0;
			defaultConfigurationName = Release;
		};
		146BE8572A258B5700CEAFEE /* Build configuration list for PBXNativeTarget "Lets Drink" */ = {
			isa = XCConfigurationList;
			buildConfigurations = (
				146BE8582A258B5700CEAFEE /* Debug */,
				146BE8592A258B5700CEAFEE /* Release */,
			);
			defaultConfigurationIsVisible = 0;
			defaultConfigurationName = Release;
		};
		146BE85A2A258B5700CEAFEE /* Build configuration list for PBXNativeTarget "Lets DrinkTests" */ = {
			isa = XCConfigurationList;
			buildConfigurations = (
				146BE85B2A258B5700CEAFEE /* Debug */,
				146BE85C2A258B5700CEAFEE /* Release */,
			);
			defaultConfigurationIsVisible = 0;
			defaultConfigurationName = Release;
		};
		146BE85D2A258B5700CEAFEE /* Build configuration list for PBXNativeTarget "Lets DrinkUITests" */ = {
			isa = XCConfigurationList;
			buildConfigurations = (
				146BE85E2A258B5700CEAFEE /* Debug */,
				146BE85F2A258B5700CEAFEE /* Release */,
			);
			defaultConfigurationIsVisible = 0;
			defaultConfigurationName = Release;
		};
/* End XCConfigurationList section */
	};
	rootObject = 146BE82B2A258B5600CEAFEE /* Project object */;
}
